
Microsoft Visual Studio Solution File, Format Version 12.00
# Visual Studio Version 17
VisualStudioVersion = 17.5.33414.496
MinimumVisualStudioVersion = 10.0.40219.1
Project("{00D1A9C2-B5F0-4AF3-8072-F6C62B433612}") = "orderingSystem", "orderingSystem\orderingSystem.sqlproj", "{97BF0258-5B91-4E42-A8FF-5F08833364EB}"
EndProject
Global
	GlobalSection(SolutionConfigurationPlatforms) = preSolution
		Debug|Any CPU = Debug|Any CPU
		Release|Any CPU = Release|Any CPU
	EndGlobalSection
	GlobalSection(ProjectConfigurationPlatforms) = postSolution
		{97BF0258-5B91-4E42-A8FF-5F08833364EB}.Debug|Any CPU.ActiveCfg = Debug|Any CPU
		{97BF0258-5B91-4E42-A8FF-5F08833364EB}.Debug|Any CPU.Build.0 = Debug|Any CPU
		{97BF0258-5B91-4E42-A8FF-5F08833364EB}.Debug|Any CPU.Deploy.0 = Debug|Any CPU
		{97BF0258-5B91-4E42-A8FF-5F08833364EB}.Release|Any CPU.ActiveCfg = Release|Any CPU
		{97BF0258-5B91-4E42-A8FF-5F08833364EB}.Release|Any CPU.Build.0 = Release|Any CPU
		{97BF0258-5B91-4E42-A8FF-5F08833364EB}.Release|Any CPU.Deploy.0 = Release|Any CPU
	EndGlobalSection
	GlobalSection(SolutionProperties) = preSolution
		HideSolutionNode = FALSE
	EndGlobalSection
	GlobalSection(ExtensibilityGlobals) = postSolution
		SolutionGuid = {4216A7D0-9784-4804-9EF1-BA2566E60BFE}
	EndGlobalSection
EndGlobal
